
Microsoft Visual Studio Solution File, Format Version 12.00
# Visual Studio Version 17
VisualStudioVersion = 17.7.34202.233
MinimumVisualStudioVersion = 10.0.40219.1
Project("{FAE04EC0-301F-11D3-BF4B-00C04F79EFBC}") = "Switch", "Switch.csproj", "{8C44EE1F-1C0B-47E5-AAF6-08D1D165541B}"
EndProject
Project("{FAE04EC0-301F-11D3-BF4B-00C04F79EFBC}") = "Meses", "..\Meses\Meses.csproj", "{6D690796-BAC3-4ED5-9479-33EF65B35B04}"
EndProject
Project("{FAE04EC0-301F-11D3-BF4B-00C04F79EFBC}") = "Letras", "..\Letras\Letras.csproj", "{8BE966EB-018E-4057-B69C-C1C2FBCEDDDB}"
EndProject
Project("{FAE04EC0-301F-11D3-BF4B-00C04F79EFBC}") = "Menu", "..\Menu\Menu.csproj", "{B4ADD981-FB89-43EB-8833-F239F91B29FE}"
EndProject
Global
	GlobalSection(SolutionConfigurationPlatforms) = preSolution
		Debug|Any CPU = Debug|Any CPU
		Release|Any CPU = Release|Any CPU
	EndGlobalSection
	GlobalSection(ProjectConfigurationPlatforms) = postSolution
		{8C44EE1F-1C0B-47E5-AAF6-08D1D165541B}.Debug|Any CPU.ActiveCfg = Debug|Any CPU
		{8C44EE1F-1C0B-47E5-AAF6-08D1D165541B}.Debug|Any CPU.Build.0 = Debug|Any CPU
		{8C44EE1F-1C0B-47E5-AAF6-08D1D165541B}.Release|Any CPU.ActiveCfg = Release|Any CPU
		{8C44EE1F-1C0B-47E5-AAF6-08D1D165541B}.Release|Any CPU.Build.0 = Release|Any CPU
		{6D690796-BAC3-4ED5-9479-33EF65B35B04}.Debug|Any CPU.ActiveCfg = Debug|Any CPU
		{6D690796-BAC3-4ED5-9479-33EF65B35B04}.Debug|Any CPU.Build.0 = Debug|Any CPU
		{6D690796-BAC3-4ED5-9479-33EF65B35B04}.Release|Any CPU.ActiveCfg = Release|Any CPU
		{6D690796-BAC3-4ED5-9479-33EF65B35B04}.Release|Any CPU.Build.0 = Release|Any CPU
		{8BE966EB-018E-4057-B69C-C1C2FBCEDDDB}.Debug|Any CPU.ActiveCfg = Debug|Any CPU
		{8BE966EB-018E-4057-B69C-C1C2FBCEDDDB}.Debug|Any CPU.Build.0 = Debug|Any CPU
		{8BE966EB-018E-4057-B69C-C1C2FBCEDDDB}.Release|Any CPU.ActiveCfg = Release|Any CPU
		{8BE966EB-018E-4057-B69C-C1C2FBCEDDDB}.Release|Any CPU.Build.0 = Release|Any CPU
		{B4ADD981-FB89-43EB-8833-F239F91B29FE}.Debug|Any CPU.ActiveCfg = Debug|Any CPU
		{B4ADD981-FB89-43EB-8833-F239F91B29FE}.Debug|Any CPU.Build.0 = Debug|Any CPU
		{B4ADD981-FB89-43EB-8833-F239F91B29FE}.Release|Any CPU.ActiveCfg = Release|Any CPU
		{B4ADD981-FB89-43EB-8833-F239F91B29FE}.Release|Any CPU.Build.0 = Release|Any CPU
	EndGlobalSection
	GlobalSection(SolutionProperties) = preSolution
		HideSolutionNode = FALSE
	EndGlobalSection
	GlobalSection(ExtensibilityGlobals) = postSolution
		SolutionGuid = {0012AAA7-7BC0-4294-8854-89CF700FD1AB}
	EndGlobalSection
EndGlobal
